// !$*UTF8*$!
{
	archiveVersion = 1;
	classes = {
	};
	objectVersion = 51;
	objects = {

/* Begin PBXBuildFile section */
		6A04B250274CD4C300BE24F9 /* IMApp.swift in Sources */ = {isa = PBXBuildFile; fileRef = 6A04B24F274CD4C300BE24F9 /* IMApp.swift */; };
		6A04B252274CD4C300BE24F9 /* ContentView.swift in Sources */ = {isa = PBXBuildFile; fileRef = 6A04B251274CD4C300BE24F9 /* ContentView.swift */; };
		6A04B254274CD4C400BE24F9 /* Assets.xcassets in Resources */ = {isa = PBXBuildFile; fileRef = 6A04B253274CD4C400BE24F9 /* Assets.xcassets */; };
		6A04B257274CD4C400BE24F9 /* Preview Assets.xcassets in Resources */ = {isa = PBXBuildFile; fileRef = 6A04B256274CD4C400BE24F9 /* Preview Assets.xcassets */; };
		6A04B262274CD5B500BE24F9 /* LoginView.swift in Sources */ = {isa = PBXBuildFile; fileRef = 6A04B261274CD5B500BE24F9 /* LoginView.swift */; };
		6A062EB62772FB9C004746BF /* ContactDetailView.swift in Sources */ = {isa = PBXBuildFile; fileRef = 6A062EB52772FB9C004746BF /* ContactDetailView.swift */; };
		6A113FEB277B06BE00AD929B /* IconFont.swift in Sources */ = {isa = PBXBuildFile; fileRef = 6A113FEA277B06BE00AD929B /* IconFont.swift */; };
		6A113FEE277B07CA00AD929B /* iconfont.ttf in Resources */ = {isa = PBXBuildFile; fileRef = 6A113FED277B07CA00AD929B /* iconfont.ttf */; };
		6A113FF0277B0F9800AD929B /* Contact.swift in Sources */ = {isa = PBXBuildFile; fileRef = 6A113FEF277B0F9800AD929B /* Contact.swift */; };
		6A146FCA275480C600EDD59F /* MessageAvatar.swift in Sources */ = {isa = PBXBuildFile; fileRef = 6A146FC9275480C600EDD59F /* MessageAvatar.swift */; };
		6A146FD22754B96000EDD59F /* ChatRow.swift in Sources */ = {isa = PBXBuildFile; fileRef = 6A146FD12754B96000EDD59F /* ChatRow.swift */; };
		6A146FD42754BC2600EDD59F /* Chat.swift in Sources */ = {isa = PBXBuildFile; fileRef = 6A146FD32754BC2600EDD59F /* Chat.swift */; };
		6A146FD82754C53300EDD59F /* ChatList.swift in Sources */ = {isa = PBXBuildFile; fileRef = 6A146FD72754C53300EDD59F /* ChatList.swift */; };
		6A146FDA2754D34800EDD59F /* ChatView.swift in Sources */ = {isa = PBXBuildFile; fileRef = 6A146FD92754D34800EDD59F /* ChatView.swift */; };
		6A230876278C55EC000069B6 /* NewFriendsView.swift in Sources */ = {isa = PBXBuildFile; fileRef = 6A230875278C55EC000069B6 /* NewFriendsView.swift */; };
		6A230878278C562D000069B6 /* GroupChatListView.swift in Sources */ = {isa = PBXBuildFile; fileRef = 6A230877278C562D000069B6 /* GroupChatListView.swift */; };
		6A3057B9275A16E500556D95 /* BodyAreaView.swift in Sources */ = {isa = PBXBuildFile; fileRef = 6A3057B8275A16E500556D95 /* BodyAreaView.swift */; };
		6A42140A2750874000B38559 /* RootState.swift in Sources */ = {isa = PBXBuildFile; fileRef = 6A4214092750874000B38559 /* RootState.swift */; };
		6A42140D2750A85000B38559 /* MessageView.swift in Sources */ = {isa = PBXBuildFile; fileRef = 6A42140C2750A85000B38559 /* MessageView.swift */; };
		6A42140F2750AD6D00B38559 /* ContextMenuView.swift in Sources */ = {isa = PBXBuildFile; fileRef = 6A42140E2750AD6D00B38559 /* ContextMenuView.swift */; };
		6A4214122750C51C00B38559 /* SearchBoxVIew.swift in Sources */ = {isa = PBXBuildFile; fileRef = 6A4214112750C51C00B38559 /* SearchBoxVIew.swift */; };
		6A4214142750CA1B00B38559 /* MessageRow.swift in Sources */ = {isa = PBXBuildFile; fileRef = 6A4214132750CA1B00B38559 /* MessageRow.swift */; };
		6A4214162750CA7800B38559 /* Message.swift in Sources */ = {isa = PBXBuildFile; fileRef = 6A4214152750CA7800B38559 /* Message.swift */; };
		6A4214182750E7CA00B38559 /* SearchFullScreenView.swift in Sources */ = {isa = PBXBuildFile; fileRef = 6A4214172750E7CA00B38559 /* SearchFullScreenView.swift */; };
		6A4AFC2D27745BB900798677 /* GeneralRow.swift in Sources */ = {isa = PBXBuildFile; fileRef = 6A4AFC2C27745BB900798677 /* GeneralRow.swift */; };
		6A6B51E72758A1FE00DF4EE0 /* MeHomeView.swift in Sources */ = {isa = PBXBuildFile; fileRef = 6A6B51E62758A1FE00DF4EE0 /* MeHomeView.swift */; };
		6A6BF0D32775A64E00614623 /* WordNavigation.swift in Sources */ = {isa = PBXBuildFile; fileRef = 6A6BF0D22775A64E00614623 /* WordNavigation.swift */; };
		6A6BF0D62775B2EC00614623 /* GroupChatView.swift in Sources */ = {isa = PBXBuildFile; fileRef = 6A6BF0D52775B2EC00614623 /* GroupChatView.swift */; };
		6A6BF0D92775C2C000614623 /* ContactList.swift in Sources */ = {isa = PBXBuildFile; fileRef = 6A6BF0D82775C2C000614623 /* ContactList.swift */; };
		6A730304277C345600BC9F61 /* ContactModel.swift in Sources */ = {isa = PBXBuildFile; fileRef = 6A730303277C345600BC9F61 /* ContactModel.swift */; };
		6A730306277C64E400BC9F61 /* BottomSelectionBar.swift in Sources */ = {isa = PBXBuildFile; fileRef = 6A730305277C64E400BC9F61 /* BottomSelectionBar.swift */; };
		6A78F1AB274F1E9B006380CC /* CountDownButton.swift in Sources */ = {isa = PBXBuildFile; fileRef = 6A78F1AA274F1E9B006380CC /* CountDownButton.swift */; };
		6A78F1AE274F82D5006380CC /* RootView.swift in Sources */ = {isa = PBXBuildFile; fileRef = 6A78F1AD274F82D5006380CC /* RootView.swift */; };
		6A7B7CE12755BF5100699C81 /* SendBox.swift in Sources */ = {isa = PBXBuildFile; fileRef = 6A7B7CE02755BF5100699C81 /* SendBox.swift */; };
		6A7B7CE4275620DF00699C81 /* ContactHomeView.swift in Sources */ = {isa = PBXBuildFile; fileRef = 6A7B7CE3275620DF00699C81 /* ContactHomeView.swift */; };
		6A7B7CE6275623FC00699C81 /* ContactFunctionGroup.swift in Sources */ = {isa = PBXBuildFile; fileRef = 6A7B7CE5275623FC00699C81 /* ContactFunctionGroup.swift */; };
		6A7B7CE82756273000699C81 /* ContactSection.swift in Sources */ = {isa = PBXBuildFile; fileRef = 6A7B7CE72756273000699C81 /* ContactSection.swift */; };
		6A7B7CEA27562BF700699C81 /* ContactSectionHeader.swift in Sources */ = {isa = PBXBuildFile; fileRef = 6A7B7CE927562BF700699C81 /* ContactSectionHeader.swift */; };
		6A8228052771C8D700BBA51F /* ContactDetailBody.swift in Sources */ = {isa = PBXBuildFile; fileRef = 6A8228042771C8D700BBA51F /* ContactDetailBody.swift */; };
		6AA97EDD27706D3700E28B56 /* PersonInfoView.swift in Sources */ = {isa = PBXBuildFile; fileRef = 6AA97EDC27706D3700E28B56 /* PersonInfoView.swift */; };
		6AB832C3278819BC00718F38 /* HexColor.swift in Sources */ = {isa = PBXBuildFile; fileRef = 6AB832C2278819BC00718F38 /* HexColor.swift */; };
		6AB832C527881DEB00718F38 /* NavigationBackButton.swift in Sources */ = {isa = PBXBuildFile; fileRef = 6AB832C427881DEB00718F38 /* NavigationBackButton.swift */; };
		6AC342D5274DEC22000302D8 /* RoundedCorners.swift in Sources */ = {isa = PBXBuildFile; fileRef = 6AC342D4274DEC22000302D8 /* RoundedCorners.swift */; };
		6AC342D9274E2752000302D8 /* LoginForm.swift in Sources */ = {isa = PBXBuildFile; fileRef = 6AC342D8274E2752000302D8 /* LoginForm.swift */; };
		6AC342DB274E3719000302D8 /* RegisterForm.swift in Sources */ = {isa = PBXBuildFile; fileRef = 6AC342DA274E3718000302D8 /* RegisterForm.swift */; };
		84007A84279467AF005C7494 /* FriendApplicationView.swift in Sources */ = {isa = PBXBuildFile; fileRef = 84007A83279467AF005C7494 /* FriendApplicationView.swift */; };
		84060AC92785E84A0088F503 /* ChatSettings.swift in Sources */ = {isa = PBXBuildFile; fileRef = 84060AC82785E84A0088F503 /* ChatSettings.swift */; };
		84D111B227907B8900CF6FB2 /* Avatar.swift in Sources */ = {isa = PBXBuildFile; fileRef = 84D111B127907B8900CF6FB2 /* Avatar.swift */; };
		84D6C805278735E400724D49 /* GroupChatSettings.swift in Sources */ = {isa = PBXBuildFile; fileRef = 84D6C804278735E400724D49 /* GroupChatSettings.swift */; };
		84E9328D27906D4800D7A855 /* CustomToggle.swift in Sources */ = {isa = PBXBuildFile; fileRef = 84E9328C27906D4800D7A855 /* CustomToggle.swift */; };
		84F386D1277DF22E009FB1D4 /* AddFriendsView.swift in Sources */ = {isa = PBXBuildFile; fileRef = 84F386D0277DF22E009FB1D4 /* AddFriendsView.swift */; };
		C6569AB5BBE31AD7D20F0663 /* Pods_IM.framework in Frameworks */ = {isa = PBXBuildFile; fileRef = 2DE3BEC223AB4C36A8A6F96A /* Pods_IM.framework */; };
/* End PBXBuildFile section */

/* Begin PBXFileReference section */
		174CB9ED4AA8566E67E93597 /* Pods-IM.release.xcconfig */ = {isa = PBXFileReference; includeInIndex = 1; lastKnownFileType = text.xcconfig; name = "Pods-IM.release.xcconfig"; path = "Target Support Files/Pods-IM/Pods-IM.release.xcconfig"; sourceTree = "<group>"; };
		2DE3BEC223AB4C36A8A6F96A /* Pods_IM.framework */ = {isa = PBXFileReference; explicitFileType = wrapper.framework; includeInIndex = 0; path = Pods_IM.framework; sourceTree = BUILT_PRODUCTS_DIR; };
		5A78D9E647B996535D3B8E83 /* Pods-IM.debug.xcconfig */ = {isa = PBXFileReference; includeInIndex = 1; lastKnownFileType = text.xcconfig; name = "Pods-IM.debug.xcconfig"; path = "Target Support Files/Pods-IM/Pods-IM.debug.xcconfig"; sourceTree = "<group>"; };
		6A04B24C274CD4C300BE24F9 /* IM.app */ = {isa = PBXFileReference; explicitFileType = wrapper.application; includeInIndex = 0; path = IM.app; sourceTree = BUILT_PRODUCTS_DIR; };
		6A04B24F274CD4C300BE24F9 /* IMApp.swift */ = {isa = PBXFileReference; lastKnownFileType = sourcecode.swift; path = IMApp.swift; sourceTree = "<group>"; };
		6A04B251274CD4C300BE24F9 /* ContentView.swift */ = {isa = PBXFileReference; lastKnownFileType = sourcecode.swift; path = ContentView.swift; sourceTree = "<group>"; };
		6A04B253274CD4C400BE24F9 /* Assets.xcassets */ = {isa = PBXFileReference; lastKnownFileType = folder.assetcatalog; path = Assets.xcassets; sourceTree = "<group>"; };
		6A04B256274CD4C400BE24F9 /* Preview Assets.xcassets */ = {isa = PBXFileReference; lastKnownFileType = folder.assetcatalog; path = "Preview Assets.xcassets"; sourceTree = "<group>"; };
		6A04B258274CD4C400BE24F9 /* Info.plist */ = {isa = PBXFileReference; lastKnownFileType = text.plist.xml; path = Info.plist; sourceTree = "<group>"; };
		6A04B261274CD5B500BE24F9 /* LoginView.swift */ = {isa = PBXFileReference; lastKnownFileType = sourcecode.swift; path = LoginView.swift; sourceTree = "<group>"; };
		6A062EB52772FB9C004746BF /* ContactDetailView.swift */ = {isa = PBXFileReference; lastKnownFileType = sourcecode.swift; path = ContactDetailView.swift; sourceTree = "<group>"; };
		6A113FEA277B06BE00AD929B /* IconFont.swift */ = {isa = PBXFileReference; lastKnownFileType = sourcecode.swift; path = IconFont.swift; sourceTree = "<group>"; };
		6A113FED277B07CA00AD929B /* iconfont.ttf */ = {isa = PBXFileReference; lastKnownFileType = file; path = iconfont.ttf; sourceTree = "<group>"; };
		6A113FEF277B0F9800AD929B /* Contact.swift */ = {isa = PBXFileReference; lastKnownFileType = sourcecode.swift; path = Contact.swift; sourceTree = "<group>"; };
		6A146FC9275480C600EDD59F /* MessageAvatar.swift */ = {isa = PBXFileReference; lastKnownFileType = sourcecode.swift; path = MessageAvatar.swift; sourceTree = "<group>"; };
		6A146FD12754B96000EDD59F /* ChatRow.swift */ = {isa = PBXFileReference; lastKnownFileType = sourcecode.swift; path = ChatRow.swift; sourceTree = "<group>"; };
		6A146FD32754BC2600EDD59F /* Chat.swift */ = {isa = PBXFileReference; lastKnownFileType = sourcecode.swift; path = Chat.swift; sourceTree = "<group>"; };
		6A146FD72754C53300EDD59F /* ChatList.swift */ = {isa = PBXFileReference; lastKnownFileType = sourcecode.swift; path = ChatList.swift; sourceTree = "<group>"; };
		6A146FD92754D34800EDD59F /* ChatView.swift */ = {isa = PBXFileReference; lastKnownFileType = sourcecode.swift; path = ChatView.swift; sourceTree = "<group>"; };
		6A230875278C55EC000069B6 /* NewFriendsView.swift */ = {isa = PBXFileReference; lastKnownFileType = sourcecode.swift; path = NewFriendsView.swift; sourceTree = "<group>"; };
		6A230877278C562D000069B6 /* GroupChatListView.swift */ = {isa = PBXFileReference; lastKnownFileType = sourcecode.swift; path = GroupChatListView.swift; sourceTree = "<group>"; };
		6A3057B8275A16E500556D95 /* BodyAreaView.swift */ = {isa = PBXFileReference; lastKnownFileType = sourcecode.swift; path = BodyAreaView.swift; sourceTree = "<group>"; };
		6A4214092750874000B38559 /* RootState.swift */ = {isa = PBXFileReference; lastKnownFileType = sourcecode.swift; path = RootState.swift; sourceTree = "<group>"; };
		6A42140C2750A85000B38559 /* MessageView.swift */ = {isa = PBXFileReference; lastKnownFileType = sourcecode.swift; path = MessageView.swift; sourceTree = "<group>"; };
		6A42140E2750AD6D00B38559 /* ContextMenuView.swift */ = {isa = PBXFileReference; lastKnownFileType = sourcecode.swift; path = ContextMenuView.swift; sourceTree = "<group>"; };
		6A4214112750C51C00B38559 /* SearchBoxVIew.swift */ = {isa = PBXFileReference; lastKnownFileType = sourcecode.swift; path = SearchBoxVIew.swift; sourceTree = "<group>"; };
		6A4214132750CA1B00B38559 /* MessageRow.swift */ = {isa = PBXFileReference; lastKnownFileType = sourcecode.swift; path = MessageRow.swift; sourceTree = "<group>"; };
		6A4214152750CA7800B38559 /* Message.swift */ = {isa = PBXFileReference; lastKnownFileType = sourcecode.swift; path = Message.swift; sourceTree = "<group>"; };
		6A4214172750E7CA00B38559 /* SearchFullScreenView.swift */ = {isa = PBXFileReference; lastKnownFileType = sourcecode.swift; path = SearchFullScreenView.swift; sourceTree = "<group>"; };
		6A4AFC2C27745BB900798677 /* GeneralRow.swift */ = {isa = PBXFileReference; lastKnownFileType = sourcecode.swift; path = GeneralRow.swift; sourceTree = "<group>"; };
		6A6B51E62758A1FE00DF4EE0 /* MeHomeView.swift */ = {isa = PBXFileReference; lastKnownFileType = sourcecode.swift; path = MeHomeView.swift; sourceTree = "<group>"; };
		6A6BF0D22775A64E00614623 /* WordNavigation.swift */ = {isa = PBXFileReference; lastKnownFileType = sourcecode.swift; path = WordNavigation.swift; sourceTree = "<group>"; };
		6A6BF0D52775B2EC00614623 /* GroupChatView.swift */ = {isa = PBXFileReference; lastKnownFileType = sourcecode.swift; path = GroupChatView.swift; sourceTree = "<group>"; };
		6A6BF0D82775C2C000614623 /* ContactList.swift */ = {isa = PBXFileReference; lastKnownFileType = sourcecode.swift; path = ContactList.swift; sourceTree = "<group>"; };
		6A730303277C345600BC9F61 /* ContactModel.swift */ = {isa = PBXFileReference; lastKnownFileType = sourcecode.swift; path = ContactModel.swift; sourceTree = "<group>"; };
		6A730305277C64E400BC9F61 /* BottomSelectionBar.swift */ = {isa = PBXFileReference; lastKnownFileType = sourcecode.swift; path = BottomSelectionBar.swift; sourceTree = "<group>"; };
		6A78F1AA274F1E9B006380CC /* CountDownButton.swift */ = {isa = PBXFileReference; lastKnownFileType = sourcecode.swift; path = CountDownButton.swift; sourceTree = "<group>"; };
		6A78F1AD274F82D5006380CC /* RootView.swift */ = {isa = PBXFileReference; lastKnownFileType = sourcecode.swift; path = RootView.swift; sourceTree = "<group>"; };
		6A7B7CE02755BF5100699C81 /* SendBox.swift */ = {isa = PBXFileReference; lastKnownFileType = sourcecode.swift; path = SendBox.swift; sourceTree = "<group>"; };
		6A7B7CE3275620DF00699C81 /* ContactHomeView.swift */ = {isa = PBXFileReference; lastKnownFileType = sourcecode.swift; path = ContactHomeView.swift; sourceTree = "<group>"; };
		6A7B7CE5275623FC00699C81 /* ContactFunctionGroup.swift */ = {isa = PBXFileReference; lastKnownFileType = sourcecode.swift; path = ContactFunctionGroup.swift; sourceTree = "<group>"; };
		6A7B7CE72756273000699C81 /* ContactSection.swift */ = {isa = PBXFileReference; lastKnownFileType = sourcecode.swift; path = ContactSection.swift; sourceTree = "<group>"; };
		6A7B7CE927562BF700699C81 /* ContactSectionHeader.swift */ = {isa = PBXFileReference; lastKnownFileType = sourcecode.swift; path = ContactSectionHeader.swift; sourceTree = "<group>"; };
		6A8228042771C8D700BBA51F /* ContactDetailBody.swift */ = {isa = PBXFileReference; lastKnownFileType = sourcecode.swift; path = ContactDetailBody.swift; sourceTree = "<group>"; };
		6AA97EDC27706D3700E28B56 /* PersonInfoView.swift */ = {isa = PBXFileReference; lastKnownFileType = sourcecode.swift; path = PersonInfoView.swift; sourceTree = "<group>"; };
		6AB832C2278819BC00718F38 /* HexColor.swift */ = {isa = PBXFileReference; fileEncoding = 4; lastKnownFileType = sourcecode.swift; path = HexColor.swift; sourceTree = "<group>"; };
		6AB832C427881DEB00718F38 /* NavigationBackButton.swift */ = {isa = PBXFileReference; lastKnownFileType = sourcecode.swift; path = NavigationBackButton.swift; sourceTree = "<group>"; };
		6AC342D4274DEC22000302D8 /* RoundedCorners.swift */ = {isa = PBXFileReference; lastKnownFileType = sourcecode.swift; path = RoundedCorners.swift; sourceTree = "<group>"; };
		6AC342D8274E2752000302D8 /* LoginForm.swift */ = {isa = PBXFileReference; lastKnownFileType = sourcecode.swift; path = LoginForm.swift; sourceTree = "<group>"; };
		6AC342DA274E3718000302D8 /* RegisterForm.swift */ = {isa = PBXFileReference; lastKnownFileType = sourcecode.swift; path = RegisterForm.swift; sourceTree = "<group>"; };
		84007A83279467AF005C7494 /* FriendApplicationView.swift */ = {isa = PBXFileReference; lastKnownFileType = sourcecode.swift; path = FriendApplicationView.swift; sourceTree = "<group>"; };
		84060AC82785E84A0088F503 /* ChatSettings.swift */ = {isa = PBXFileReference; lastKnownFileType = sourcecode.swift; path = ChatSettings.swift; sourceTree = "<group>"; };
		84D111B127907B8900CF6FB2 /* Avatar.swift */ = {isa = PBXFileReference; lastKnownFileType = sourcecode.swift; path = Avatar.swift; sourceTree = "<group>"; };
		84D6C804278735E400724D49 /* GroupChatSettings.swift */ = {isa = PBXFileReference; lastKnownFileType = sourcecode.swift; path = GroupChatSettings.swift; sourceTree = "<group>"; };
		84E9328C27906D4800D7A855 /* CustomToggle.swift */ = {isa = PBXFileReference; lastKnownFileType = sourcecode.swift; path = CustomToggle.swift; sourceTree = "<group>"; };
		84F386D0277DF22E009FB1D4 /* AddFriendsView.swift */ = {isa = PBXFileReference; lastKnownFileType = sourcecode.swift; path = AddFriendsView.swift; sourceTree = "<group>"; };
/* End PBXFileReference section */

/* Begin PBXFrameworksBuildPhase section */
		6A04B249274CD4C300BE24F9 /* Frameworks */ = {
			isa = PBXFrameworksBuildPhase;
			buildActionMask = 2147483647;
			files = (
				C6569AB5BBE31AD7D20F0663 /* Pods_IM.framework in Frameworks */,
			);
			runOnlyForDeploymentPostprocessing = 0;
		};
/* End PBXFrameworksBuildPhase section */

/* Begin PBXGroup section */
		048070FF82AF46D10AB939B2 /* Pods */ = {
			isa = PBXGroup;
			children = (
				5A78D9E647B996535D3B8E83 /* Pods-IM.debug.xcconfig */,
				174CB9ED4AA8566E67E93597 /* Pods-IM.release.xcconfig */,
			);
			path = Pods;
			sourceTree = "<group>";
		};
		6A04B243274CD4C300BE24F9 = {
			isa = PBXGroup;
			children = (
				6A04B24E274CD4C300BE24F9 /* IM */,
				6A04B24D274CD4C300BE24F9 /* Products */,
				048070FF82AF46D10AB939B2 /* Pods */,
				9ACEBC9EBAA68E61E60DC88A /* Frameworks */,
			);
			sourceTree = "<group>";
		};
		6A04B24D274CD4C300BE24F9 /* Products */ = {
			isa = PBXGroup;
			children = (
				6A04B24C274CD4C300BE24F9 /* IM.app */,
			);
			name = Products;
			sourceTree = "<group>";
		};
		6A04B24E274CD4C300BE24F9 /* IM */ = {
			isa = PBXGroup;
			children = (
				84E932902790747B00D7A855 /* Utilities */,
				84E9328E279072E100D7A855 /* Resources */,
				6A730302277C341200BC9F61 /* ViewModel */,
				6A04B25E274CD55000BE24F9 /* Models */,
				84E9328F279073EC00D7A855 /* UI */,
				6A04B24F274CD4C300BE24F9 /* IMApp.swift */,
				6A04B251274CD4C300BE24F9 /* ContentView.swift */,
				6A04B258274CD4C400BE24F9 /* Info.plist */,
				6A04B255274CD4C400BE24F9 /* Preview Content */,
			);
			path = IM;
			sourceTree = "<group>";
		};
		6A04B255274CD4C400BE24F9 /* Preview Content */ = {
			isa = PBXGroup;
			children = (
				6A04B256274CD4C400BE24F9 /* Preview Assets.xcassets */,
			);
			path = "Preview Content";
			sourceTree = "<group>";
		};
		6A04B25E274CD55000BE24F9 /* Models */ = {
			isa = PBXGroup;
			children = (
				6A4214152750CA7800B38559 /* Message.swift */,
				6A113FEF277B0F9800AD929B /* Contact.swift */,
				6A146FD32754BC2600EDD59F /* Chat.swift */,
			);
			path = Models;
			sourceTree = "<group>";
		};
		6A04B25F274CD58000BE24F9 /* VIews */ = {
			isa = PBXGroup;
			children = (
				6A6BF0D42775B27A00614623 /* ContextMenu */,
				6A6B51E52758A1CB00DF4EE0 /* Me */,
				6A7B7CE22756027900699C81 /* Contact */,
				6A146FD02754B89A00EDD59F /* Chat */,
				6A4214102750C47200B38559 /* Search */,
				6A42140B2750A83E00B38559 /* Message */,
				6A78F1AC274F82BD006380CC /* Root */,
				6A04B260274CD58A00BE24F9 /* Login */,
			);
			path = VIews;
			sourceTree = "<group>";
		};
		6A04B260274CD58A00BE24F9 /* Login */ = {
			isa = PBXGroup;
			children = (
				84843B822792A71D00588CF2 /* Section */,
				6A04B261274CD5B500BE24F9 /* LoginView.swift */,
			);
			path = Login;
			sourceTree = "<group>";
		};
		6A146FD02754B89A00EDD59F /* Chat */ = {
			isa = PBXGroup;
			children = (
				84843B852792B89A00588CF2 /* Section */,
				6A146FD92754D34800EDD59F /* ChatView.swift */,
				84060AC82785E84A0088F503 /* ChatSettings.swift */,
				84D6C804278735E400724D49 /* GroupChatSettings.swift */,
			);
			path = Chat;
			sourceTree = "<group>";
		};
		6A42140B2750A83E00B38559 /* Message */ = {
			isa = PBXGroup;
			children = (
				84843B842792B05400588CF2 /* Section */,
				6A42140C2750A85000B38559 /* MessageView.swift */,
			);
			path = Message;
			sourceTree = "<group>";
		};
		6A4214102750C47200B38559 /* Search */ = {
			isa = PBXGroup;
			children = (
				6A4214112750C51C00B38559 /* SearchBoxVIew.swift */,
				6A4214172750E7CA00B38559 /* SearchFullScreenView.swift */,
			);
			path = Search;
			sourceTree = "<group>";
		};
		6A6B51E52758A1CB00DF4EE0 /* Me */ = {
			isa = PBXGroup;
			children = (
				6A6B51E62758A1FE00DF4EE0 /* MeHomeView.swift */,
				6AA97EDC27706D3700E28B56 /* PersonInfoView.swift */,
			);
			path = Me;
			sourceTree = "<group>";
		};
		6A6BF0D42775B27A00614623 /* ContextMenu */ = {
			isa = PBXGroup;
			children = (
				84843B862792E42300588CF2 /* Section */,
				6A42140E2750AD6D00B38559 /* ContextMenuView.swift */,
				6A6BF0D52775B2EC00614623 /* GroupChatView.swift */,
				84F386D0277DF22E009FB1D4 /* AddFriendsView.swift */,
			);
			path = ContextMenu;
			sourceTree = "<group>";
		};
		6A6BF0DA2775C37000614623 /* Section */ = {
			isa = PBXGroup;
			children = (
				6A7B7CE927562BF700699C81 /* ContactSectionHeader.swift */,
				6A7B7CE72756273000699C81 /* ContactSection.swift */,
				6A6BF0D22775A64E00614623 /* WordNavigation.swift */,
				6A7B7CE5275623FC00699C81 /* ContactFunctionGroup.swift */,
				6A6BF0D82775C2C000614623 /* ContactList.swift */,
				6A8228042771C8D700BBA51F /* ContactDetailBody.swift */,
			);
			path = Section;
			sourceTree = "<group>";
		};
		6A730302277C341200BC9F61 /* ViewModel */ = {
			isa = PBXGroup;
			children = (
				6A730303277C345600BC9F61 /* ContactModel.swift */,
			);
			path = ViewModel;
			sourceTree = "<group>";
		};
		6A78F1A9274F1E5B006380CC /* Components */ = {
			isa = PBXGroup;
			children = (
				6AC342D4274DEC22000302D8 /* RoundedCorners.swift */,
				6A78F1AA274F1E9B006380CC /* CountDownButton.swift */,
				6A4AFC2C27745BB900798677 /* GeneralRow.swift */,
				84E9328C27906D4800D7A855 /* CustomToggle.swift */,
				6AB832C427881DEB00718F38 /* NavigationBackButton.swift */,
				84D111B127907B8900CF6FB2 /* Avatar.swift */,
			);
			path = Components;
			sourceTree = "<group>";
		};
		6A78F1AC274F82BD006380CC /* Root */ = {
			isa = PBXGroup;
			children = (
				84843B832792ADA700588CF2 /* Section */,
				6A78F1AD274F82D5006380CC /* RootView.swift */,
			);
			path = Root;
			sourceTree = "<group>";
		};
		6A7B7CE22756027900699C81 /* Contact */ = {
			isa = PBXGroup;
			children = (
				6A6BF0DA2775C37000614623 /* Section */,
				6A7B7CE3275620DF00699C81 /* ContactHomeView.swift */,
				6A062EB52772FB9C004746BF /* ContactDetailView.swift */,
				6A230875278C55EC000069B6 /* NewFriendsView.swift */,
				6A230877278C562D000069B6 /* GroupChatListView.swift */,
				84007A83279467AF005C7494 /* FriendApplicationView.swift */,
			);
			path = Contact;
			sourceTree = "<group>";
		};
		84843B822792A71D00588CF2 /* Section */ = {
			isa = PBXGroup;
			children = (
				6AC342D8274E2752000302D8 /* LoginForm.swift */,
				6AC342DA274E3718000302D8 /* RegisterForm.swift */,
			);
			path = Section;
			sourceTree = "<group>";
		};
		84843B832792ADA700588CF2 /* Section */ = {
			isa = PBXGroup;
			children = (
				6A3057B8275A16E500556D95 /* BodyAreaView.swift */,
				6A4214092750874000B38559 /* RootState.swift */,
			);
			path = Section;
			sourceTree = "<group>";
		};
		84843B842792B05400588CF2 /* Section */ = {
			isa = PBXGroup;
			children = (
				6A146FC9275480C600EDD59F /* MessageAvatar.swift */,
				6A4214132750CA1B00B38559 /* MessageRow.swift */,
			);
			path = Section;
			sourceTree = "<group>";
		};
		84843B852792B89A00588CF2 /* Section */ = {
			isa = PBXGroup;
			children = (
				6A146FD12754B96000EDD59F /* ChatRow.swift */,
				6A146FD72754C53300EDD59F /* ChatList.swift */,
				6A7B7CE02755BF5100699C81 /* SendBox.swift */,
			);
			path = Section;
			sourceTree = "<group>";
		};
		84843B862792E42300588CF2 /* Section */ = {
			isa = PBXGroup;
			children = (
				6A730305277C64E400BC9F61 /* BottomSelectionBar.swift */,
			);
			path = Section;
			sourceTree = "<group>";
		};
		84E9328E279072E100D7A855 /* Resources */ = {
			isa = PBXGroup;
			children = (
				6AB832C2278819BC00718F38 /* HexColor.swift */,
				6A113FEA277B06BE00AD929B /* IconFont.swift */,
				6A113FED277B07CA00AD929B /* iconfont.ttf */,
				6A04B253274CD4C400BE24F9 /* Assets.xcassets */,
			);
			path = Resources;
			sourceTree = "<group>";
		};
		84E9328F279073EC00D7A855 /* UI */ = {
			isa = PBXGroup;
			children = (
				6A04B25F274CD58000BE24F9 /* VIews */,
				6A78F1A9274F1E5B006380CC /* Components */,
			);
			path = UI;
			sourceTree = "<group>";
		};
		84E932902790747B00D7A855 /* Utilities */ = {
			isa = PBXGroup;
			children = (
			);
			path = Utilities;
			sourceTree = "<group>";
		};
		9ACEBC9EBAA68E61E60DC88A /* Frameworks */ = {
			isa = PBXGroup;
			children = (
				2DE3BEC223AB4C36A8A6F96A /* Pods_IM.framework */,
			);
			name = Frameworks;
			sourceTree = "<group>";
		};
/* End PBXGroup section */

/* Begin PBXNativeTarget section */
		6A04B24B274CD4C300BE24F9 /* IM */ = {
			isa = PBXNativeTarget;
			buildConfigurationList = 6A04B25B274CD4C400BE24F9 /* Build configuration list for PBXNativeTarget "IM" */;
			buildPhases = (
				399DD25BE8F9BB3DCA68D9EE /* [CP] Check Pods Manifest.lock */,
				6A04B248274CD4C300BE24F9 /* Sources */,
				6A04B249274CD4C300BE24F9 /* Frameworks */,
				6A04B24A274CD4C300BE24F9 /* Resources */,
				6D3908B25C018DB02F8C7A6C /* [CP] Embed Pods Frameworks */,
			);
			buildRules = (
			);
			dependencies = (
			);
			name = IM;
			productName = IM;
			productReference = 6A04B24C274CD4C300BE24F9 /* IM.app */;
			productType = "com.apple.product-type.application";
		};
/* End PBXNativeTarget section */

/* Begin PBXProject section */
		6A04B244274CD4C300BE24F9 /* Project object */ = {
			isa = PBXProject;
			attributes = {
				LastSwiftUpdateCheck = 1250;
				LastUpgradeCheck = 1250;
				TargetAttributes = {
					6A04B24B274CD4C300BE24F9 = {
						CreatedOnToolsVersion = 12.5.1;
					};
				};
			};
			buildConfigurationList = 6A04B247274CD4C300BE24F9 /* Build configuration list for PBXProject "IM" */;
			compatibilityVersion = "Xcode 9.3";
			developmentRegion = en;
			hasScannedForEncodings = 0;
			knownRegions = (
				en,
				Base,
			);
			mainGroup = 6A04B243274CD4C300BE24F9;
			productRefGroup = 6A04B24D274CD4C300BE24F9 /* Products */;
			projectDirPath = "";
			projectRoot = "";
			targets = (
				6A04B24B274CD4C300BE24F9 /* IM */,
			);
		};
/* End PBXProject section */

/* Begin PBXResourcesBuildPhase section */
		6A04B24A274CD4C300BE24F9 /* Resources */ = {
			isa = PBXResourcesBuildPhase;
			buildActionMask = 2147483647;
			files = (
				6A04B257274CD4C400BE24F9 /* Preview Assets.xcassets in Resources */,
				6A04B254274CD4C400BE24F9 /* Assets.xcassets in Resources */,
				6A113FEE277B07CA00AD929B /* iconfont.ttf in Resources */,
			);
			runOnlyForDeploymentPostprocessing = 0;
		};
/* End PBXResourcesBuildPhase section */

/* Begin PBXShellScriptBuildPhase section */
		399DD25BE8F9BB3DCA68D9EE /* [CP] Check Pods Manifest.lock */ = {
			isa = PBXShellScriptBuildPhase;
			buildActionMask = 2147483647;
			files = (
			);
			inputFileListPaths = (
			);
			inputPaths = (
				"${PODS_PODFILE_DIR_PATH}/Podfile.lock",
				"${PODS_ROOT}/Manifest.lock",
			);
			name = "[CP] Check Pods Manifest.lock";
			outputFileListPaths = (
			);
			outputPaths = (
				"$(DERIVED_FILE_DIR)/Pods-IM-checkManifestLockResult.txt",
			);
			runOnlyForDeploymentPostprocessing = 0;
			shellPath = /bin/sh;
			shellScript = "diff \"${PODS_PODFILE_DIR_PATH}/Podfile.lock\" \"${PODS_ROOT}/Manifest.lock\" > /dev/null\nif [ $? != 0 ] ; then\n    # print error to STDERR\n    echo \"error: The sandbox is not in sync with the Podfile.lock. Run 'pod install' or update your CocoaPods installation.\" >&2\n    exit 1\nfi\n# This output is used by Xcode 'outputs' to avoid re-running this script phase.\necho \"SUCCESS\" > \"${SCRIPT_OUTPUT_FILE_0}\"\n";
			showEnvVarsInLog = 0;
		};
		6D3908B25C018DB02F8C7A6C /* [CP] Embed Pods Frameworks */ = {
			isa = PBXShellScriptBuildPhase;
			buildActionMask = 2147483647;
			files = (
			);
			inputFileListPaths = (
				"${PODS_ROOT}/Target Support Files/Pods-IM/Pods-IM-frameworks-${CONFIGURATION}-input-files.xcfilelist",
			);
			name = "[CP] Embed Pods Frameworks";
			outputFileListPaths = (
				"${PODS_ROOT}/Target Support Files/Pods-IM/Pods-IM-frameworks-${CONFIGURATION}-output-files.xcfilelist",
			);
			runOnlyForDeploymentPostprocessing = 0;
			shellPath = /bin/sh;
			shellScript = "\"${PODS_ROOT}/Target Support Files/Pods-IM/Pods-IM-frameworks.sh\"\n";
			showEnvVarsInLog = 0;
		};
/* End PBXShellScriptBuildPhase section */

/* Begin PBXSourcesBuildPhase section */
		6A04B248274CD4C300BE24F9 /* Sources */ = {
			isa = PBXSourcesBuildPhase;
			buildActionMask = 2147483647;
			files = (
				6A4214122750C51C00B38559 /* SearchBoxVIew.swift in Sources */,
				6A113FEB277B06BE00AD929B /* IconFont.swift in Sources */,
				6A3057B9275A16E500556D95 /* BodyAreaView.swift in Sources */,
				84E9328D27906D4800D7A855 /* CustomToggle.swift in Sources */,
				6A42140D2750A85000B38559 /* MessageView.swift in Sources */,
				6A6BF0D62775B2EC00614623 /* GroupChatView.swift in Sources */,
				6A6BF0D92775C2C000614623 /* ContactList.swift in Sources */,
				6A8228052771C8D700BBA51F /* ContactDetailBody.swift in Sources */,
				6A6BF0D32775A64E00614623 /* WordNavigation.swift in Sources */,
				6A062EB62772FB9C004746BF /* ContactDetailView.swift in Sources */,
				6AC342D5274DEC22000302D8 /* RoundedCorners.swift in Sources */,
				6A4AFC2D27745BB900798677 /* GeneralRow.swift in Sources */,
				6A146FD22754B96000EDD59F /* ChatRow.swift in Sources */,
				6AC342D9274E2752000302D8 /* LoginForm.swift in Sources */,
				6A04B252274CD4C300BE24F9 /* ContentView.swift in Sources */,
				6AC342DB274E3719000302D8 /* RegisterForm.swift in Sources */,
				6A7B7CE12755BF5100699C81 /* SendBox.swift in Sources */,
				6A42140A2750874000B38559 /* RootState.swift in Sources */,
				84D111B227907B8900CF6FB2 /* Avatar.swift in Sources */,
				6A146FD82754C53300EDD59F /* ChatList.swift in Sources */,
				6A78F1AE274F82D5006380CC /* RootView.swift in Sources */,
				6A7B7CE4275620DF00699C81 /* ContactHomeView.swift in Sources */,
				6A7B7CE6275623FC00699C81 /* ContactFunctionGroup.swift in Sources */,
				6A146FCA275480C600EDD59F /* MessageAvatar.swift in Sources */,
				6AB832C527881DEB00718F38 /* NavigationBackButton.swift in Sources */,
				6AA97EDD27706D3700E28B56 /* PersonInfoView.swift in Sources */,
				6A113FF0277B0F9800AD929B /* Contact.swift in Sources */,
				6A730304277C345600BC9F61 /* ContactModel.swift in Sources */,
				84060AC92785E84A0088F503 /* ChatSettings.swift in Sources */,
				84007A84279467AF005C7494 /* FriendApplicationView.swift in Sources */,
				6A4214182750E7CA00B38559 /* SearchFullScreenView.swift in Sources */,
				6A230876278C55EC000069B6 /* NewFriendsView.swift in Sources */,
				6A146FDA2754D34800EDD59F /* ChatView.swift in Sources */,
				6A78F1AB274F1E9B006380CC /* CountDownButton.swift in Sources */,
				6A42140F2750AD6D00B38559 /* ContextMenuView.swift in Sources */,
				6A146FD42754BC2600EDD59F /* Chat.swift in Sources */,
				6A04B262274CD5B500BE24F9 /* LoginView.swift in Sources */,
				84F386D1277DF22E009FB1D4 /* AddFriendsView.swift in Sources */,
				6A7B7CEA27562BF700699C81 /* ContactSectionHeader.swift in Sources */,
				6A4214162750CA7800B38559 /* Message.swift in Sources */,
				6A730306277C64E400BC9F61 /* BottomSelectionBar.swift in Sources */,
				6A6B51E72758A1FE00DF4EE0 /* MeHomeView.swift in Sources */,
				6AB832C3278819BC00718F38 /* HexColor.swift in Sources */,
				84D6C805278735E400724D49 /* GroupChatSettings.swift in Sources */,
				6A4214142750CA1B00B38559 /* MessageRow.swift in Sources */,
				6A04B250274CD4C300BE24F9 /* IMApp.swift in Sources */,
				6A230878278C562D000069B6 /* GroupChatListView.swift in Sources */,
				6A7B7CE82756273000699C81 /* ContactSection.swift in Sources */,
			);
			runOnlyForDeploymentPostprocessing = 0;
		};
/* End PBXSourcesBuildPhase section */

/* Begin XCBuildConfiguration section */
		6A04B259274CD4C400BE24F9 /* Debug */ = {
			isa = XCBuildConfiguration;
			buildSettings = {
				ALWAYS_SEARCH_USER_PATHS = NO;
				CLANG_ANALYZER_NONNULL = YES;
				CLANG_ANALYZER_NUMBER_OBJECT_CONVERSION = YES_AGGRESSIVE;
				CLANG_CXX_LANGUAGE_STANDARD = "gnu++14";
				CLANG_CXX_LIBRARY = "libc++";
				CLANG_ENABLE_MODULES = YES;
				CLANG_ENABLE_OBJC_ARC = YES;
				CLANG_ENABLE_OBJC_WEAK = YES;
				CLANG_WARN_BLOCK_CAPTURE_AUTORELEASING = YES;
				CLANG_WARN_BOOL_CONVERSION = YES;
				CLANG_WARN_COMMA = YES;
				CLANG_WARN_CONSTANT_CONVERSION = YES;
				CLANG_WARN_DEPRECATED_OBJC_IMPLEMENTATIONS = YES;
				CLANG_WARN_DIRECT_OBJC_ISA_USAGE = YES_ERROR;
				CLANG_WARN_DOCUMENTATION_COMMENTS = YES;
				CLANG_WARN_EMPTY_BODY = YES;
				CLANG_WARN_ENUM_CONVERSION = YES;
				CLANG_WARN_INFINITE_RECURSION = YES;
				CLANG_WARN_INT_CONVERSION = YES;
				CLANG_WARN_NON_LITERAL_NULL_CONVERSION = YES;
				CLANG_WARN_OBJC_IMPLICIT_RETAIN_SELF = YES;
				CLANG_WARN_OBJC_LITERAL_CONVERSION = YES;
				CLANG_WARN_OBJC_ROOT_CLASS = YES_ERROR;
				CLANG_WARN_QUOTED_INCLUDE_IN_FRAMEWORK_HEADER = YES;
				CLANG_WARN_RANGE_LOOP_ANALYSIS = YES;
				CLANG_WARN_STRICT_PROTOTYPES = YES;
				CLANG_WARN_SUSPICIOUS_MOVE = YES;
				CLANG_WARN_UNGUARDED_AVAILABILITY = YES_AGGRESSIVE;
				CLANG_WARN_UNREACHABLE_CODE = YES;
				CLANG_WARN__DUPLICATE_METHOD_MATCH = YES;
				COPY_PHASE_STRIP = NO;
				DEBUG_INFORMATION_FORMAT = dwarf;
				ENABLE_STRICT_OBJC_MSGSEND = YES;
				ENABLE_TESTABILITY = YES;
				GCC_C_LANGUAGE_STANDARD = gnu11;
				GCC_DYNAMIC_NO_PIC = NO;
				GCC_NO_COMMON_BLOCKS = YES;
				GCC_OPTIMIZATION_LEVEL = 0;
				GCC_PREPROCESSOR_DEFINITIONS = (
					"DEBUG=1",
					"$(inherited)",
				);
				GCC_WARN_64_TO_32_BIT_CONVERSION = YES;
				GCC_WARN_ABOUT_RETURN_TYPE = YES_ERROR;
				GCC_WARN_UNDECLARED_SELECTOR = YES;
				GCC_WARN_UNINITIALIZED_AUTOS = YES_AGGRESSIVE;
				GCC_WARN_UNUSED_FUNCTION = YES;
				GCC_WARN_UNUSED_VARIABLE = YES;
				IPHONEOS_DEPLOYMENT_TARGET = 14.5;
				MTL_ENABLE_DEBUG_INFO = INCLUDE_SOURCE;
				MTL_FAST_MATH = YES;
				ONLY_ACTIVE_ARCH = YES;
				SDKROOT = iphoneos;
				SWIFT_ACTIVE_COMPILATION_CONDITIONS = DEBUG;
				SWIFT_OPTIMIZATION_LEVEL = "-Onone";
			};
			name = Debug;
		};
		6A04B25A274CD4C400BE24F9 /* Release */ = {
			isa = XCBuildConfiguration;
			buildSettings = {
				ALWAYS_SEARCH_USER_PATHS = NO;
				CLANG_ANALYZER_NONNULL = YES;
				CLANG_ANALYZER_NUMBER_OBJECT_CONVERSION = YES_AGGRESSIVE;
				CLANG_CXX_LANGUAGE_STANDARD = "gnu++14";
				CLANG_CXX_LIBRARY = "libc++";
				CLANG_ENABLE_MODULES = YES;
				CLANG_ENABLE_OBJC_ARC = YES;
				CLANG_ENABLE_OBJC_WEAK = YES;
				CLANG_WARN_BLOCK_CAPTURE_AUTORELEASING = YES;
				CLANG_WARN_BOOL_CONVERSION = YES;
				CLANG_WARN_COMMA = YES;
				CLANG_WARN_CONSTANT_CONVERSION = YES;
				CLANG_WARN_DEPRECATED_OBJC_IMPLEMENTATIONS = YES;
				CLANG_WARN_DIRECT_OBJC_ISA_USAGE = YES_ERROR;
				CLANG_WARN_DOCUMENTATION_COMMENTS = YES;
				CLANG_WARN_EMPTY_BODY = YES;
				CLANG_WARN_ENUM_CONVERSION = YES;
				CLANG_WARN_INFINITE_RECURSION = YES;
				CLANG_WARN_INT_CONVERSION = YES;
				CLANG_WARN_NON_LITERAL_NULL_CONVERSION = YES;
				CLANG_WARN_OBJC_IMPLICIT_RETAIN_SELF = YES;
				CLANG_WARN_OBJC_LITERAL_CONVERSION = YES;
				CLANG_WARN_OBJC_ROOT_CLASS = YES_ERROR;
				CLANG_WARN_QUOTED_INCLUDE_IN_FRAMEWORK_HEADER = YES;
				CLANG_WARN_RANGE_LOOP_ANALYSIS = YES;
				CLANG_WARN_STRICT_PROTOTYPES = YES;
				CLANG_WARN_SUSPICIOUS_MOVE = YES;
				CLANG_WARN_UNGUARDED_AVAILABILITY = YES_AGGRESSIVE;
				CLANG_WARN_UNREACHABLE_CODE = YES;
				CLANG_WARN__DUPLICATE_METHOD_MATCH = YES;
				COPY_PHASE_STRIP = NO;
				DEBUG_INFORMATION_FORMAT = "dwarf-with-dsym";
				ENABLE_NS_ASSERTIONS = NO;
				ENABLE_STRICT_OBJC_MSGSEND = YES;
				GCC_C_LANGUAGE_STANDARD = gnu11;
				GCC_NO_COMMON_BLOCKS = YES;
				GCC_WARN_64_TO_32_BIT_CONVERSION = YES;
				GCC_WARN_ABOUT_RETURN_TYPE = YES_ERROR;
				GCC_WARN_UNDECLARED_SELECTOR = YES;
				GCC_WARN_UNINITIALIZED_AUTOS = YES_AGGRESSIVE;
				GCC_WARN_UNUSED_FUNCTION = YES;
				GCC_WARN_UNUSED_VARIABLE = YES;
				IPHONEOS_DEPLOYMENT_TARGET = 14.5;
				MTL_ENABLE_DEBUG_INFO = NO;
				MTL_FAST_MATH = YES;
				SDKROOT = iphoneos;
				SWIFT_COMPILATION_MODE = wholemodule;
				SWIFT_OPTIMIZATION_LEVEL = "-O";
				VALIDATE_PRODUCT = YES;
			};
			name = Release;
		};
		6A04B25C274CD4C400BE24F9 /* Debug */ = {
			isa = XCBuildConfiguration;
			baseConfigurationReference = 5A78D9E647B996535D3B8E83 /* Pods-IM.debug.xcconfig */;
			buildSettings = {
				ASSETCATALOG_COMPILER_APPICON_NAME = AppIcon;
				ASSETCATALOG_COMPILER_GLOBAL_ACCENT_COLOR_NAME = AccentColor;
				CODE_SIGN_IDENTITY = "Apple Development";
				CODE_SIGN_STYLE = Automatic;
				DEVELOPMENT_ASSET_PATHS = "\"IM/Preview Content\"";
				DEVELOPMENT_TEAM = "";
				ENABLE_PREVIEWS = YES;
				INFOPLIST_FILE = IM/Info.plist;
				IPHONEOS_DEPLOYMENT_TARGET = 14.0;
				LD_RUNPATH_SEARCH_PATHS = (
					"$(inherited)",
					"@executable_path/Frameworks",
				);
				PRODUCT_BUNDLE_IDENTIFIER = com.expamle.IM;
				PRODUCT_NAME = "$(TARGET_NAME)";
				PROVISIONING_PROFILE_SPECIFIER = "";
				SWIFT_VERSION = 5.0;
				TARGETED_DEVICE_FAMILY = "1,2";
			};
			name = Debug;
		};
		6A04B25D274CD4C400BE24F9 /* Release */ = {
			isa = XCBuildConfiguration;
			baseConfigurationReference = 174CB9ED4AA8566E67E93597 /* Pods-IM.release.xcconfig */;
			buildSettings = {
				ASSETCATALOG_COMPILER_APPICON_NAME = AppIcon;
				ASSETCATALOG_COMPILER_GLOBAL_ACCENT_COLOR_NAME = AccentColor;
				CODE_SIGN_IDENTITY = "Apple Development";
				CODE_SIGN_STYLE = Automatic;
				DEVELOPMENT_ASSET_PATHS = "\"IM/Preview Content\"";
				DEVELOPMENT_TEAM = "";
				ENABLE_PREVIEWS = YES;
				INFOPLIST_FILE = IM/Info.plist;
				IPHONEOS_DEPLOYMENT_TARGET = 14.0;
				LD_RUNPATH_SEARCH_PATHS = (
					"$(inherited)",
					"@executable_path/Frameworks",
				);
				PRODUCT_BUNDLE_IDENTIFIER = com.expamle.IM;
				PRODUCT_NAME = "$(TARGET_NAME)";
				PROVISIONING_PROFILE_SPECIFIER = "";
				SWIFT_VERSION = 5.0;
				TARGETED_DEVICE_FAMILY = "1,2";
			};
			name = Release;
		};
/* End XCBuildConfiguration section */

/* Begin XCConfigurationList section */
		6A04B247274CD4C300BE24F9 /* Build configuration list for PBXProject "IM" */ = {
			isa = XCConfigurationList;
			buildConfigurations = (
				6A04B259274CD4C400BE24F9 /* Debug */,
				6A04B25A274CD4C400BE24F9 /* Release */,
			);
			defaultConfigurationIsVisible = 0;
			defaultConfigurationName = Release;
		};
		6A04B25B274CD4C400BE24F9 /* Build configuration list for PBXNativeTarget "IM" */ = {
			isa = XCConfigurationList;
			buildConfigurations = (
				6A04B25C274CD4C400BE24F9 /* Debug */,
				6A04B25D274CD4C400BE24F9 /* Release */,
			);
			defaultConfigurationIsVisible = 0;
			defaultConfigurationName = Release;
		};
/* End XCConfigurationList section */
	};
	rootObject = 6A04B244274CD4C300BE24F9 /* Project object */;
}
